
Microsoft Visual Studio Solution File, Format Version 12.00
# Visual Studio 15
VisualStudioVersion = 15.0.27004.2006
MinimumVisualStudioVersion = 10.0.40219.1
Project("{8BC9CEB8-8B4A-11D0-8D11-00A0C91BC942}") = "OpenGLFun", "OpenGLFun\OpenGLFun.vcxproj", "{7AF183FB-2916-473D-8FF9-8D4C1855F7A0}"
EndProject
Global
	GlobalSection(SolutionConfigurationPlatforms) = preSolution
		Debug|x64 = Debug|x64
		Debug|x86 = Debug|x86
		Release|x64 = Release|x64
		Release|x86 = Release|x86
	EndGlobalSection
	GlobalSection(ProjectConfigurationPlatforms) = postSolution
		{7AF183FB-2916-473D-8FF9-8D4C1855F7A0}.Debug|x64.ActiveCfg = Debug|x64
		{7AF183FB-2916-473D-8FF9-8D4C1855F7A0}.Debug|x64.Build.0 = Debug|x64
		{7AF183FB-2916-473D-8FF9-8D4C1855F7A0}.Debug|x86.ActiveCfg = Debug|Win32
		{7AF183FB-2916-473D-8FF9-8D4C1855F7A0}.Debug|x86.Build.0 = Debug|Win32
		{7AF183FB-2916-473D-8FF9-8D4C1855F7A0}.Release|x64.ActiveCfg = Release|x64
		{7AF183FB-2916-473D-8FF9-8D4C1855F7A0}.Release|x64.Build.0 = Release|x64
		{7AF183FB-2916-473D-8FF9-8D4C1855F7A0}.Release|x86.ActiveCfg = Release|Win32
		{7AF183FB-2916-473D-8FF9-8D4C1855F7A0}.Release|x86.Build.0 = Release|Win32
	EndGlobalSection
	GlobalSection(SolutionProperties) = preSolution
		HideSolutionNode = FALSE
	EndGlobalSection
	GlobalSection(ExtensibilityGlobals) = postSolution
		SolutionGuid = {C90B36D9-2532-499A-82DE-DF3E268BF06F}
	EndGlobalSection
EndGlobal
